
Microsoft Visual Studio Solution File, Format Version 12.00
# Visual Studio Version 17
VisualStudioVersion = 17.0.31903.59
MinimumVisualStudioVersion = 10.0.40219.1
Project("{FAE04EC0-301F-11D3-BF4B-00C04F79EFBC}") = "API", "API\API.csproj", "{98F9A882-BF30-44E4-93C8-DECA3E940B7C}"
EndProject
Project("{FAE04EC0-301F-11D3-BF4B-00C04F79EFBC}") = "Application", "Application\Application.csproj", "{C04E55FC-3027-4C15-9339-D57D4B129FE2}"
EndProject
Project("{FAE04EC0-301F-11D3-BF4B-00C04F79EFBC}") = "Persistence", "Persistence\Persistence.csproj", "{8E1DEB20-814C-421E-80BE-9B5A49D1A4AA}"
EndProject
Project("{FAE04EC0-301F-11D3-BF4B-00C04F79EFBC}") = "Domain", "Domain\Domain.csproj", "{36A32105-18D9-411A-A6B4-98CBE8314E48}"
EndProject
Global
	GlobalSection(SolutionConfigurationPlatforms) = preSolution
		Debug|Any CPU = Debug|Any CPU
		Release|Any CPU = Release|Any CPU
	EndGlobalSection
	GlobalSection(SolutionProperties) = preSolution
		HideSolutionNode = FALSE
	EndGlobalSection
	GlobalSection(ProjectConfigurationPlatforms) = postSolution
		{98F9A882-BF30-44E4-93C8-DECA3E940B7C}.Debug|Any CPU.ActiveCfg = Debug|Any CPU
		{98F9A882-BF30-44E4-93C8-DECA3E940B7C}.Debug|Any CPU.Build.0 = Debug|Any CPU
		{98F9A882-BF30-44E4-93C8-DECA3E940B7C}.Release|Any CPU.ActiveCfg = Release|Any CPU
		{98F9A882-BF30-44E4-93C8-DECA3E940B7C}.Release|Any CPU.Build.0 = Release|Any CPU
		{C04E55FC-3027-4C15-9339-D57D4B129FE2}.Debug|Any CPU.ActiveCfg = Debug|Any CPU
		{C04E55FC-3027-4C15-9339-D57D4B129FE2}.Debug|Any CPU.Build.0 = Debug|Any CPU
		{C04E55FC-3027-4C15-9339-D57D4B129FE2}.Release|Any CPU.ActiveCfg = Release|Any CPU
		{C04E55FC-3027-4C15-9339-D57D4B129FE2}.Release|Any CPU.Build.0 = Release|Any CPU
		{8E1DEB20-814C-421E-80BE-9B5A49D1A4AA}.Debug|Any CPU.ActiveCfg = Debug|Any CPU
		{8E1DEB20-814C-421E-80BE-9B5A49D1A4AA}.Debug|Any CPU.Build.0 = Debug|Any CPU
		{8E1DEB20-814C-421E-80BE-9B5A49D1A4AA}.Release|Any CPU.ActiveCfg = Release|Any CPU
		{8E1DEB20-814C-421E-80BE-9B5A49D1A4AA}.Release|Any CPU.Build.0 = Release|Any CPU
		{36A32105-18D9-411A-A6B4-98CBE8314E48}.Debug|Any CPU.ActiveCfg = Debug|Any CPU
		{36A32105-18D9-411A-A6B4-98CBE8314E48}.Debug|Any CPU.Build.0 = Debug|Any CPU
		{36A32105-18D9-411A-A6B4-98CBE8314E48}.Release|Any CPU.ActiveCfg = Release|Any CPU
		{36A32105-18D9-411A-A6B4-98CBE8314E48}.Release|Any CPU.Build.0 = Release|Any CPU
	EndGlobalSection
EndGlobal
